
Microsoft Visual Studio Solution File, Format Version 12.00
# Visual Studio Version 17
VisualStudioVersion = 17.7.34202.233
MinimumVisualStudioVersion = 10.0.40219.1
Project("{FAE04EC0-301F-11D3-BF4B-00C04F79EFBC}") = "GestionMatrice", "GestionMatrice\GestionMatrice.csproj", "{7574DCAB-843F-47C2-A5B3-5AB494C3D023}"
EndProject
Global
	GlobalSection(SolutionConfigurationPlatforms) = preSolution
		Debug|Any CPU = Debug|Any CPU
		Release|Any CPU = Release|Any CPU
	EndGlobalSection
	GlobalSection(ProjectConfigurationPlatforms) = postSolution
		{7574DCAB-843F-47C2-A5B3-5AB494C3D023}.Debug|Any CPU.ActiveCfg = Debug|Any CPU
		{7574DCAB-843F-47C2-A5B3-5AB494C3D023}.Debug|Any CPU.Build.0 = Debug|Any CPU
		{7574DCAB-843F-47C2-A5B3-5AB494C3D023}.Release|Any CPU.ActiveCfg = Release|Any CPU
		{7574DCAB-843F-47C2-A5B3-5AB494C3D023}.Release|Any CPU.Build.0 = Release|Any CPU
	EndGlobalSection
	GlobalSection(SolutionProperties) = preSolution
		HideSolutionNode = FALSE
	EndGlobalSection
	GlobalSection(ExtensibilityGlobals) = postSolution
		SolutionGuid = {7DFE2A26-FC1A-4A17-A939-20E05B28CE07}
	EndGlobalSection
EndGlobal
